// !$*UTF8*$!
{
	archiveVersion = 1;
	classes = {
	};
	objectVersion = 46;
	objects = {

/* Begin PBXBuildFile section */
		0F08FFF91EE1473A005C2C78 /* MergeBillCell.swift in Sources */ = {isa = PBXBuildFile; fileRef = 0F08FFF81EE1473A005C2C78 /* MergeBillCell.swift */; };
		0F08FFFB1EE14757005C2C78 /* MergeBillDetailCell.swift in Sources */ = {isa = PBXBuildFile; fileRef = 0F08FFFA1EE14757005C2C78 /* MergeBillDetailCell.swift */; };
		0F0BA3811EDD839500D9873C /* HistoryController.swift in Sources */ = {isa = PBXBuildFile; fileRef = 0F0BA3801EDD839400D9873C /* HistoryController.swift */; };
		0F26FDC01EDEE79F005A424F /* HistoryDetailController.swift in Sources */ = {isa = PBXBuildFile; fileRef = 0F26FDBF1EDEE79F005A424F /* HistoryDetailController.swift */; };
		0F26FDC81EDF05F1005A424F /* Localizable.strings in Resources */ = {isa = PBXBuildFile; fileRef = 0F26FDCA1EDF05F1005A424F /* Localizable.strings */; };
		0F45C4EA1EDBD45A006EC1CA /* TasteController.swift in Sources */ = {isa = PBXBuildFile; fileRef = 0F45C4E91EDBD45A006EC1CA /* TasteController.swift */; };
		0F45C4EC1EDBD531006EC1CA /* TasteCell.swift in Sources */ = {isa = PBXBuildFile; fileRef = 0F45C4EB1EDBD531006EC1CA /* TasteCell.swift */; };
		0F7590961EDED1EC00B180D1 /* HistoryCell.swift in Sources */ = {isa = PBXBuildFile; fileRef = 0F7590951EDED1EC00B180D1 /* HistoryCell.swift */; };
		0F8AD2AA1EDD46F700438AFD /* ChangeTableController.swift in Sources */ = {isa = PBXBuildFile; fileRef = 0F8AD2A91EDD46F700438AFD /* ChangeTableController.swift */; };
		0F8AD2AC1EDD578000438AFD /* MergeBillController.swift in Sources */ = {isa = PBXBuildFile; fileRef = 0F8AD2AB1EDD578000438AFD /* MergeBillController.swift */; };
		0FB0E8FF1EE182A80051C0DF /* AutoGenStrings.py in Resources */ = {isa = PBXBuildFile; fileRef = 0FB0E8FE1EE182A80051C0DF /* AutoGenStrings.py */; };
		0FB49A8A1EDBEE7C001BE76A /* PaymentController.swift in Sources */ = {isa = PBXBuildFile; fileRef = 0FB49A891EDBEE7C001BE76A /* PaymentController.swift */; };
		0FC1A32F1EDC50EC005438A5 /* PaymentOrderCell.swift in Sources */ = {isa = PBXBuildFile; fileRef = 0FC1A32E1EDC50EC005438A5 /* PaymentOrderCell.swift */; };
		0FC1A3311EDC619C005438A5 /* CalculatorCell.swift in Sources */ = {isa = PBXBuildFile; fileRef = 0FC1A3301EDC619C005438A5 /* CalculatorCell.swift */; };
		6B2EDB221EBCA7380051C1A7 /* AppDelegate.swift in Sources */ = {isa = PBXBuildFile; fileRef = 6B2EDB211EBCA7380051C1A7 /* AppDelegate.swift */; };
		6B2EDB271EBCA7380051C1A7 /* Main.storyboard in Resources */ = {isa = PBXBuildFile; fileRef = 6B2EDB251EBCA7380051C1A7 /* Main.storyboard */; };
		6B2EDB291EBCA7380051C1A7 /* Assets.xcassets in Resources */ = {isa = PBXBuildFile; fileRef = 6B2EDB281EBCA7380051C1A7 /* Assets.xcassets */; };
		6B2EDB2C1EBCA7380051C1A7 /* LaunchScreen.storyboard in Resources */ = {isa = PBXBuildFile; fileRef = 6B2EDB2A1EBCA7380051C1A7 /* LaunchScreen.storyboard */; };
		6B50339B1ED1572100852E5A /* ChangeTableCell.swift in Sources */ = {isa = PBXBuildFile; fileRef = 6B50339A1ED1572100852E5A /* ChangeTableCell.swift */; };
		6B50339D1ED1573600852E5A /* ChangeTableHeaderView.swift in Sources */ = {isa = PBXBuildFile; fileRef = 6B50339C1ED1573600852E5A /* ChangeTableHeaderView.swift */; };
		6B6DFE551ED00DDC00415B38 /* MenuController.swift in Sources */ = {isa = PBXBuildFile; fileRef = 6B6DFE541ED00DDC00415B38 /* MenuController.swift */; };
		6B6DFE571ED0125500415B38 /* MenuCell.swift in Sources */ = {isa = PBXBuildFile; fileRef = 6B6DFE561ED0125500415B38 /* MenuCell.swift */; };
		6B78D61F1ED1BABB00A1F6BF /* OrderController.swift in Sources */ = {isa = PBXBuildFile; fileRef = 6B78D61E1ED1BABB00A1F6BF /* OrderController.swift */; };
		6B78D6211ED1BADE00A1F6BF /* OrderMenuCell.swift in Sources */ = {isa = PBXBuildFile; fileRef = 6B78D6201ED1BADE00A1F6BF /* OrderMenuCell.swift */; };
		6B78D6231ED1BB0400A1F6BF /* OrderFoodCell.swift in Sources */ = {isa = PBXBuildFile; fileRef = 6B78D6221ED1BB0400A1F6BF /* OrderFoodCell.swift */; };
		6B78D6251ED1BB6700A1F6BF /* OrderAlreadyFoodCell.swift in Sources */ = {isa = PBXBuildFile; fileRef = 6B78D6241ED1BB6700A1F6BF /* OrderAlreadyFoodCell.swift */; };
		6B78D6271ED1BB9800A1F6BF /* OrderPriceCell.swift in Sources */ = {isa = PBXBuildFile; fileRef = 6B78D6261ED1BB9800A1F6BF /* OrderPriceCell.swift */; };
		6B78D6291ED1C14500A1F6BF /* OrderFoodLayout.swift in Sources */ = {isa = PBXBuildFile; fileRef = 6B78D6281ED1C14500A1F6BF /* OrderFoodLayout.swift */; };
		6B886EA51EC3470300497F85 /* AFNetworking.framework in Frameworks */ = {isa = PBXBuildFile; fileRef = 6B886EA41EC3470300497F85 /* AFNetworking.framework */; };
		6B8DB17E1EBF1BBF005C9A63 /* IQKeyboardManagerSwift.framework in Frameworks */ = {isa = PBXBuildFile; fileRef = 6B8DB17D1EBF1BBF005C9A63 /* IQKeyboardManagerSwift.framework */; };
		6B8DB1801EBF1BC2005C9A63 /* MBProgressHUD.framework in Frameworks */ = {isa = PBXBuildFile; fileRef = 6B8DB17F1EBF1BC2005C9A63 /* MBProgressHUD.framework */; };
		6B8DB1821EBF1BC5005C9A63 /* SDWebImage.framework in Frameworks */ = {isa = PBXBuildFile; fileRef = 6B8DB1811EBF1BC5005C9A63 /* SDWebImage.framework */; };
		6B8DB1841EBF1BC8005C9A63 /* YYCategories.framework in Frameworks */ = {isa = PBXBuildFile; fileRef = 6B8DB1831EBF1BC8005C9A63 /* YYCategories.framework */; };
		6B9540FD1EC820C800CCFF95 /* AntController.swift in Sources */ = {isa = PBXBuildFile; fileRef = 6B9540E61EC820C800CCFF95 /* AntController.swift */; };
		6B9540FE1EC820C800CCFF95 /* AntDefault.swift in Sources */ = {isa = PBXBuildFile; fileRef = 6B9540E71EC820C800CCFF95 /* AntDefault.swift */; };
		6B9540FF1EC820C800CCFF95 /* AntModel.swift in Sources */ = {isa = PBXBuildFile; fileRef = 6B9540E81EC820C800CCFF95 /* AntModel.swift */; };
		6B9541001EC820C800CCFF95 /* AntNavController.swift in Sources */ = {isa = PBXBuildFile; fileRef = 6B9540E91EC820C800CCFF95 /* AntNavController.swift */; };
		6B9541011EC820C800CCFF95 /* AntSingleton.swift in Sources */ = {isa = PBXBuildFile; fileRef = 6B9540EA1EC820C800CCFF95 /* AntSingleton.swift */; };
		6B9541021EC820C800CCFF95 /* Common.swift in Sources */ = {isa = PBXBuildFile; fileRef = 6B9540EC1EC820C800CCFF95 /* Common.swift */; };
		6B9541031EC820C800CCFF95 /* LanguageManager.swift in Sources */ = {isa = PBXBuildFile; fileRef = 6B9540ED1EC820C800CCFF95 /* LanguageManager.swift */; };
		6B9541061EC820C800CCFF95 /* NSBundle+Language.m in Sources */ = {isa = PBXBuildFile; fileRef = 6B9540F11EC820C800CCFF95 /* NSBundle+Language.m */; };
		6B9541071EC820C800CCFF95 /* SpinnerButton.swift in Sources */ = {isa = PBXBuildFile; fileRef = 6B9540F21EC820C800CCFF95 /* SpinnerButton.swift */; };
		6B9541081EC820C800CCFF95 /* HomeController.swift in Sources */ = {isa = PBXBuildFile; fileRef = 6B9540F61EC820C800CCFF95 /* HomeController.swift */; };
		6B9541091EC820C800CCFF95 /* ForgetController.swift in Sources */ = {isa = PBXBuildFile; fileRef = 6B9540F91EC820C800CCFF95 /* ForgetController.swift */; };
		6B95410A1EC820C800CCFF95 /* LoginController.swift in Sources */ = {isa = PBXBuildFile; fileRef = 6B9540FA1EC820C800CCFF95 /* LoginController.swift */; };
		6B95410B1EC820C800CCFF95 /* Login.storyboard in Resources */ = {isa = PBXBuildFile; fileRef = 6B9540FB1EC820C800CCFF95 /* Login.storyboard */; };
		6B9541131EC820E300CCFF95 /* AppDelegate.swift in Sources */ = {isa = PBXBuildFile; fileRef = 6B9541121EC820E300CCFF95 /* AppDelegate.swift */; };
		6B95411A1EC820E300CCFF95 /* Main.storyboard in Resources */ = {isa = PBXBuildFile; fileRef = 6B9541181EC820E300CCFF95 /* Main.storyboard */; };
		6B95411C1EC820E300CCFF95 /* Assets.xcassets in Resources */ = {isa = PBXBuildFile; fileRef = 6B95411B1EC820E300CCFF95 /* Assets.xcassets */; };
		6B95411F1EC820E300CCFF95 /* LaunchScreen.storyboard in Resources */ = {isa = PBXBuildFile; fileRef = 6B95411D1EC820E300CCFF95 /* LaunchScreen.storyboard */; };
		6B9541241EC8214100CCFF95 /* AntController.swift in Sources */ = {isa = PBXBuildFile; fileRef = 6B9540E61EC820C800CCFF95 /* AntController.swift */; };
		6B9541251EC8214400CCFF95 /* AntDefault.swift in Sources */ = {isa = PBXBuildFile; fileRef = 6B9540E71EC820C800CCFF95 /* AntDefault.swift */; };
		6B9541261EC8214A00CCFF95 /* AntNavController.swift in Sources */ = {isa = PBXBuildFile; fileRef = 6B9540E91EC820C800CCFF95 /* AntNavController.swift */; };
		6B9541271EC8215200CCFF95 /* AntSingleton.swift in Sources */ = {isa = PBXBuildFile; fileRef = 6B9540EA1EC820C800CCFF95 /* AntSingleton.swift */; };
		6B9541281EC8215800CCFF95 /* Common.swift in Sources */ = {isa = PBXBuildFile; fileRef = 6B9540EC1EC820C800CCFF95 /* Common.swift */; };
		6B9541291EC8215A00CCFF95 /* LanguageManager.swift in Sources */ = {isa = PBXBuildFile; fileRef = 6B9540ED1EC820C800CCFF95 /* LanguageManager.swift */; };
		6B95412A1EC8217200CCFF95 /* NSBundle+Language.m in Sources */ = {isa = PBXBuildFile; fileRef = 6B9540F11EC820C800CCFF95 /* NSBundle+Language.m */; };
		6B95412B1EC8217E00CCFF95 /* SpinnerButton.swift in Sources */ = {isa = PBXBuildFile; fileRef = 6B9540F21EC820C800CCFF95 /* SpinnerButton.swift */; };
		6B95412C1EC821D900CCFF95 /* AFNetworking.framework in Frameworks */ = {isa = PBXBuildFile; fileRef = 6B886EA41EC3470300497F85 /* AFNetworking.framework */; };
		6B95412D1EC821DD00CCFF95 /* IQKeyboardManagerSwift.framework in Frameworks */ = {isa = PBXBuildFile; fileRef = 6B8DB17D1EBF1BBF005C9A63 /* IQKeyboardManagerSwift.framework */; };
		6B95412E1EC821E000CCFF95 /* MBProgressHUD.framework in Frameworks */ = {isa = PBXBuildFile; fileRef = 6B8DB17F1EBF1BC2005C9A63 /* MBProgressHUD.framework */; };
		6B95412F1EC821E300CCFF95 /* MJExtension.framework in Frameworks */ = {isa = PBXBuildFile; fileRef = 6BB7F1001EBF24D900918BEF /* MJExtension.framework */; };
		6B9541301EC821E600CCFF95 /* SDWebImage.framework in Frameworks */ = {isa = PBXBuildFile; fileRef = 6B8DB1811EBF1BC5005C9A63 /* SDWebImage.framework */; };
		6B9541311EC821E800CCFF95 /* YYCategories.framework in Frameworks */ = {isa = PBXBuildFile; fileRef = 6B8DB1831EBF1BC8005C9A63 /* YYCategories.framework */; };
		6B9541361EC8226000CCFF95 /* Settings.bundle in Resources */ = {isa = PBXBuildFile; fileRef = 6BB7F1291EBF2C0D00918BEF /* Settings.bundle */; };
		6B9541391EC8230900CCFF95 /* AntModel_iphone.swift in Sources */ = {isa = PBXBuildFile; fileRef = 6B9541371EC822ED00CCFF95 /* AntModel_iphone.swift */; };
		6B9541521EC827B700CCFF95 /* ShopCart.storyboard in Resources */ = {isa = PBXBuildFile; fileRef = 6B9541481EC824ED00CCFF95 /* ShopCart.storyboard */; };
		6B9541531EC827BA00CCFF95 /* ShopCartController.swift in Sources */ = {isa = PBXBuildFile; fileRef = 6B95414A1EC8252A00CCFF95 /* ShopCartController.swift */; };
		6B9541541EC827BE00CCFF95 /* Search.storyboard in Resources */ = {isa = PBXBuildFile; fileRef = 6B9541461EC824E100CCFF95 /* Search.storyboard */; };
		6B9541551EC827C100CCFF95 /* SearchController.swift in Sources */ = {isa = PBXBuildFile; fileRef = 6B95414C1EC8253F00CCFF95 /* SearchController.swift */; };
		6B9541561EC827C400CCFF95 /* Mine.storyboard in Resources */ = {isa = PBXBuildFile; fileRef = 6B9541441EC824D700CCFF95 /* Mine.storyboard */; };
		6B9541571EC827C700CCFF95 /* MineController.swift in Sources */ = {isa = PBXBuildFile; fileRef = 6B95414E1EC8254900CCFF95 /* MineController.swift */; };
		6B9541591EC827CE00CCFF95 /* Home.storyboard in Resources */ = {isa = PBXBuildFile; fileRef = 6B9541421EC824CE00CCFF95 /* Home.storyboard */; };
		6BB7F1011EBF24D900918BEF /* MJExtension.framework in Frameworks */ = {isa = PBXBuildFile; fileRef = 6BB7F1001EBF24D900918BEF /* MJExtension.framework */; };
		6BB7F12A1EBF2C0D00918BEF /* Settings.bundle in Resources */ = {isa = PBXBuildFile; fileRef = 6BB7F1291EBF2C0D00918BEF /* Settings.bundle */; };
		6BD6DD4F1EC9ECA900652204 /* HomeCell.swift in Sources */ = {isa = PBXBuildFile; fileRef = 6BD6DD4D1EC9ECA900652204 /* HomeCell.swift */; };
		6BD6DD501EC9ECA900652204 /* HomeCell.xib in Resources */ = {isa = PBXBuildFile; fileRef = 6BD6DD4E1EC9ECA900652204 /* HomeCell.xib */; };
/* End PBXBuildFile section */

/* Begin PBXFileReference section */
		0F08FFF81EE1473A005C2C78 /* MergeBillCell.swift */ = {isa = PBXFileReference; fileEncoding = 4; lastKnownFileType = sourcecode.swift; path = MergeBillCell.swift; sourceTree = "<group>"; };
		0F08FFFA1EE14757005C2C78 /* MergeBillDetailCell.swift */ = {isa = PBXFileReference; fileEncoding = 4; lastKnownFileType = sourcecode.swift; path = MergeBillDetailCell.swift; sourceTree = "<group>"; };
		0F0BA3801EDD839400D9873C /* HistoryController.swift */ = {isa = PBXFileReference; fileEncoding = 4; lastKnownFileType = sourcecode.swift; path = HistoryController.swift; sourceTree = "<group>"; };
		0F26FDBF1EDEE79F005A424F /* HistoryDetailController.swift */ = {isa = PBXFileReference; fileEncoding = 4; lastKnownFileType = sourcecode.swift; path = HistoryDetailController.swift; sourceTree = "<group>"; };
		0F26FDC21EDEFA24005A424F /* zh-Hans */ = {isa = PBXFileReference; lastKnownFileType = text.plist.strings; name = "zh-Hans"; path = "zh-Hans.lproj/Main.strings"; sourceTree = "<group>"; };
		0F26FDC41EDF010E005A424F /* en */ = {isa = PBXFileReference; lastKnownFileType = text.plist.strings; name = en; path = en.lproj/Main.strings; sourceTree = "<group>"; };
		0F26FDC51EDF020F005A424F /* zh-Hans */ = {isa = PBXFileReference; lastKnownFileType = text.plist.strings; name = "zh-Hans"; path = "zh-Hans.lproj/Main.strings"; sourceTree = "<group>"; };
		0F26FDCB1EDF05F3005A424F /* en */ = {isa = PBXFileReference; lastKnownFileType = text.plist.strings; name = en; path = en.lproj/Localizable.strings; sourceTree = "<group>"; };
		0F26FDCC1EDF0606005A424F /* zh-Hans */ = {isa = PBXFileReference; lastKnownFileType = text.plist.strings; name = "zh-Hans"; path = "zh-Hans.lproj/Localizable.strings"; sourceTree = "<group>"; };
		0F45C4E91EDBD45A006EC1CA /* TasteController.swift */ = {isa = PBXFileReference; fileEncoding = 4; lastKnownFileType = sourcecode.swift; path = TasteController.swift; sourceTree = "<group>"; };
		0F45C4EB1EDBD531006EC1CA /* TasteCell.swift */ = {isa = PBXFileReference; fileEncoding = 4; lastKnownFileType = sourcecode.swift; path = TasteCell.swift; sourceTree = "<group>"; };
		0F7590951EDED1EC00B180D1 /* HistoryCell.swift */ = {isa = PBXFileReference; fileEncoding = 4; lastKnownFileType = sourcecode.swift; path = HistoryCell.swift; sourceTree = "<group>"; };
		0F8AD2A91EDD46F700438AFD /* ChangeTableController.swift */ = {isa = PBXFileReference; fileEncoding = 4; lastKnownFileType = sourcecode.swift; path = ChangeTableController.swift; sourceTree = "<group>"; };
		0F8AD2AB1EDD578000438AFD /* MergeBillController.swift */ = {isa = PBXFileReference; fileEncoding = 4; lastKnownFileType = sourcecode.swift; path = MergeBillController.swift; sourceTree = "<group>"; };
		0FB0E8FE1EE182A80051C0DF /* AutoGenStrings.py */ = {isa = PBXFileReference; fileEncoding = 4; lastKnownFileType = text.script.python; path = AutoGenStrings.py; sourceTree = "<group>"; };
		0FB49A891EDBEE7C001BE76A /* PaymentController.swift */ = {isa = PBXFileReference; fileEncoding = 4; lastKnownFileType = sourcecode.swift; path = PaymentController.swift; sourceTree = "<group>"; };
		0FC1A32E1EDC50EC005438A5 /* PaymentOrderCell.swift */ = {isa = PBXFileReference; fileEncoding = 4; lastKnownFileType = sourcecode.swift; path = PaymentOrderCell.swift; sourceTree = "<group>"; };
		0FC1A3301EDC619C005438A5 /* CalculatorCell.swift */ = {isa = PBXFileReference; fileEncoding = 4; lastKnownFileType = sourcecode.swift; path = CalculatorCell.swift; sourceTree = "<group>"; };
		6B2EDB1E1EBCA7380051C1A7 /* pos.app */ = {isa = PBXFileReference; explicitFileType = wrapper.application; includeInIndex = 0; path = pos.app; sourceTree = BUILT_PRODUCTS_DIR; };
		6B2EDB211EBCA7380051C1A7 /* AppDelegate.swift */ = {isa = PBXFileReference; lastKnownFileType = sourcecode.swift; path = AppDelegate.swift; sourceTree = "<group>"; };
		6B2EDB261EBCA7380051C1A7 /* Base */ = {isa = PBXFileReference; lastKnownFileType = file.storyboard; name = Base; path = Base.lproj/Main.storyboard; sourceTree = "<group>"; };
		6B2EDB281EBCA7380051C1A7 /* Assets.xcassets */ = {isa = PBXFileReference; lastKnownFileType = folder.assetcatalog; path = Assets.xcassets; sourceTree = "<group>"; };
		6B2EDB2B1EBCA7380051C1A7 /* Base */ = {isa = PBXFileReference; lastKnownFileType = file.storyboard; name = Base; path = Base.lproj/LaunchScreen.storyboard; sourceTree = "<group>"; };
		6B2EDB2D1EBCA7380051C1A7 /* Info.plist */ = {isa = PBXFileReference; lastKnownFileType = text.plist.xml; path = Info.plist; sourceTree = "<group>"; };
		6B50339A1ED1572100852E5A /* ChangeTableCell.swift */ = {isa = PBXFileReference; fileEncoding = 4; lastKnownFileType = sourcecode.swift; path = ChangeTableCell.swift; sourceTree = "<group>"; };
		6B50339C1ED1573600852E5A /* ChangeTableHeaderView.swift */ = {isa = PBXFileReference; fileEncoding = 4; lastKnownFileType = sourcecode.swift; path = ChangeTableHeaderView.swift; sourceTree = "<group>"; };
		6B6DFE541ED00DDC00415B38 /* MenuController.swift */ = {isa = PBXFileReference; fileEncoding = 4; lastKnownFileType = sourcecode.swift; path = MenuController.swift; sourceTree = "<group>"; };
		6B6DFE561ED0125500415B38 /* MenuCell.swift */ = {isa = PBXFileReference; fileEncoding = 4; lastKnownFileType = sourcecode.swift; path = MenuCell.swift; sourceTree = "<group>"; };
		6B78D61E1ED1BABB00A1F6BF /* OrderController.swift */ = {isa = PBXFileReference; fileEncoding = 4; lastKnownFileType = sourcecode.swift; path = OrderController.swift; sourceTree = "<group>"; };
		6B78D6201ED1BADE00A1F6BF /* OrderMenuCell.swift */ = {isa = PBXFileReference; fileEncoding = 4; lastKnownFileType = sourcecode.swift; path = OrderMenuCell.swift; sourceTree = "<group>"; };
		6B78D6221ED1BB0400A1F6BF /* OrderFoodCell.swift */ = {isa = PBXFileReference; fileEncoding = 4; lastKnownFileType = sourcecode.swift; path = OrderFoodCell.swift; sourceTree = "<group>"; };
		6B78D6241ED1BB6700A1F6BF /* OrderAlreadyFoodCell.swift */ = {isa = PBXFileReference; fileEncoding = 4; lastKnownFileType = sourcecode.swift; path = OrderAlreadyFoodCell.swift; sourceTree = "<group>"; };
		6B78D6261ED1BB9800A1F6BF /* OrderPriceCell.swift */ = {isa = PBXFileReference; fileEncoding = 4; lastKnownFileType = sourcecode.swift; path = OrderPriceCell.swift; sourceTree = "<group>"; };
		6B78D6281ED1C14500A1F6BF /* OrderFoodLayout.swift */ = {isa = PBXFileReference; fileEncoding = 4; lastKnownFileType = sourcecode.swift; path = OrderFoodLayout.swift; sourceTree = "<group>"; };
		6B886EA41EC3470300497F85 /* AFNetworking.framework */ = {isa = PBXFileReference; lastKnownFileType = wrapper.framework; name = AFNetworking.framework; path = Carthage/Build/iOS/AFNetworking.framework; sourceTree = "<group>"; };
		6B8DB17B1EBF1BBA005C9A63 /* Alamofire.framework */ = {isa = PBXFileReference; lastKnownFileType = wrapper.framework; name = Alamofire.framework; path = Carthage/Build/iOS/Alamofire.framework; sourceTree = "<group>"; };
		6B8DB17D1EBF1BBF005C9A63 /* IQKeyboardManagerSwift.framework */ = {isa = PBXFileReference; lastKnownFileType = wrapper.framework; name = IQKeyboardManagerSwift.framework; path = Carthage/Build/iOS/IQKeyboardManagerSwift.framework; sourceTree = "<group>"; };
		6B8DB17F1EBF1BC2005C9A63 /* MBProgressHUD.framework */ = {isa = PBXFileReference; lastKnownFileType = wrapper.framework; name = MBProgressHUD.framework; path = Carthage/Build/iOS/MBProgressHUD.framework; sourceTree = "<group>"; };
		6B8DB1811EBF1BC5005C9A63 /* SDWebImage.framework */ = {isa = PBXFileReference; lastKnownFileType = wrapper.framework; name = SDWebImage.framework; path = Carthage/Build/iOS/SDWebImage.framework; sourceTree = "<group>"; };
		6B8DB1831EBF1BC8005C9A63 /* YYCategories.framework */ = {isa = PBXFileReference; lastKnownFileType = wrapper.framework; name = YYCategories.framework; path = Carthage/Build/iOS/YYCategories.framework; sourceTree = "<group>"; };
		6B9540E61EC820C800CCFF95 /* AntController.swift */ = {isa = PBXFileReference; fileEncoding = 4; lastKnownFileType = sourcecode.swift; path = AntController.swift; sourceTree = "<group>"; };
		6B9540E71EC820C800CCFF95 /* AntDefault.swift */ = {isa = PBXFileReference; fileEncoding = 4; lastKnownFileType = sourcecode.swift; path = AntDefault.swift; sourceTree = "<group>"; };
		6B9540E81EC820C800CCFF95 /* AntModel.swift */ = {isa = PBXFileReference; fileEncoding = 4; lastKnownFileType = sourcecode.swift; path = AntModel.swift; sourceTree = "<group>"; };
		6B9540E91EC820C800CCFF95 /* AntNavController.swift */ = {isa = PBXFileReference; fileEncoding = 4; lastKnownFileType = sourcecode.swift; path = AntNavController.swift; sourceTree = "<group>"; };
		6B9540EA1EC820C800CCFF95 /* AntSingleton.swift */ = {isa = PBXFileReference; fileEncoding = 4; lastKnownFileType = sourcecode.swift; path = AntSingleton.swift; sourceTree = "<group>"; };
		6B9540EC1EC820C800CCFF95 /* Common.swift */ = {isa = PBXFileReference; fileEncoding = 4; lastKnownFileType = sourcecode.swift; path = Common.swift; sourceTree = "<group>"; };
		6B9540ED1EC820C800CCFF95 /* LanguageManager.swift */ = {isa = PBXFileReference; fileEncoding = 4; lastKnownFileType = sourcecode.swift; path = LanguageManager.swift; sourceTree = "<group>"; };
		6B9540F01EC820C800CCFF95 /* NSBundle+Language.h */ = {isa = PBXFileReference; fileEncoding = 4; lastKnownFileType = sourcecode.c.h; path = "NSBundle+Language.h"; sourceTree = "<group>"; };
		6B9540F11EC820C800CCFF95 /* NSBundle+Language.m */ = {isa = PBXFileReference; fileEncoding = 4; lastKnownFileType = sourcecode.c.objc; path = "NSBundle+Language.m"; sourceTree = "<group>"; };
		6B9540F21EC820C800CCFF95 /* SpinnerButton.swift */ = {isa = PBXFileReference; fileEncoding = 4; lastKnownFileType = sourcecode.swift; path = SpinnerButton.swift; sourceTree = "<group>"; };
		6B9540F61EC820C800CCFF95 /* HomeController.swift */ = {isa = PBXFileReference; fileEncoding = 4; lastKnownFileType = sourcecode.swift; path = HomeController.swift; sourceTree = "<group>"; };
		6B9540F91EC820C800CCFF95 /* ForgetController.swift */ = {isa = PBXFileReference; fileEncoding = 4; lastKnownFileType = sourcecode.swift; path = ForgetController.swift; sourceTree = "<group>"; };
		6B9540FA1EC820C800CCFF95 /* LoginController.swift */ = {isa = PBXFileReference; fileEncoding = 4; lastKnownFileType = sourcecode.swift; path = LoginController.swift; sourceTree = "<group>"; };
		6B9540FB1EC820C800CCFF95 /* Login.storyboard */ = {isa = PBXFileReference; fileEncoding = 4; lastKnownFileType = file.storyboard; path = Login.storyboard; sourceTree = "<group>"; };
		6B9541101EC820E300CCFF95 /* pos_iphone.app */ = {isa = PBXFileReference; explicitFileType = wrapper.application; includeInIndex = 0; path = pos_iphone.app; sourceTree = BUILT_PRODUCTS_DIR; };
		6B9541121EC820E300CCFF95 /* AppDelegate.swift */ = {isa = PBXFileReference; lastKnownFileType = sourcecode.swift; path = AppDelegate.swift; sourceTree = "<group>"; };
		6B9541191EC820E300CCFF95 /* Base */ = {isa = PBXFileReference; lastKnownFileType = file.storyboard; name = Base; path = Base.lproj/Main.storyboard; sourceTree = "<group>"; };
		6B95411B1EC820E300CCFF95 /* Assets.xcassets */ = {isa = PBXFileReference; lastKnownFileType = folder.assetcatalog; path = Assets.xcassets; sourceTree = "<group>"; };
		6B95411E1EC820E300CCFF95 /* Base */ = {isa = PBXFileReference; lastKnownFileType = file.storyboard; name = Base; path = Base.lproj/LaunchScreen.storyboard; sourceTree = "<group>"; };
		6B9541201EC820E300CCFF95 /* Info.plist */ = {isa = PBXFileReference; lastKnownFileType = text.plist.xml; path = Info.plist; sourceTree = "<group>"; };
		6B9541371EC822ED00CCFF95 /* AntModel_iphone.swift */ = {isa = PBXFileReference; fileEncoding = 4; lastKnownFileType = sourcecode.swift; path = AntModel_iphone.swift; sourceTree = "<group>"; };
		6B9541421EC824CE00CCFF95 /* Home.storyboard */ = {isa = PBXFileReference; fileEncoding = 4; lastKnownFileType = file.storyboard; path = Home.storyboard; sourceTree = "<group>"; };
		6B9541441EC824D700CCFF95 /* Mine.storyboard */ = {isa = PBXFileReference; fileEncoding = 4; lastKnownFileType = file.storyboard; path = Mine.storyboard; sourceTree = "<group>"; };
		6B9541461EC824E100CCFF95 /* Search.storyboard */ = {isa = PBXFileReference; fileEncoding = 4; lastKnownFileType = file.storyboard; path = Search.storyboard; sourceTree = "<group>"; };
		6B9541481EC824ED00CCFF95 /* ShopCart.storyboard */ = {isa = PBXFileReference; fileEncoding = 4; lastKnownFileType = file.storyboard; path = ShopCart.storyboard; sourceTree = "<group>"; };
		6B95414A1EC8252A00CCFF95 /* ShopCartController.swift */ = {isa = PBXFileReference; fileEncoding = 4; lastKnownFileType = sourcecode.swift; path = ShopCartController.swift; sourceTree = "<group>"; };
		6B95414C1EC8253F00CCFF95 /* SearchController.swift */ = {isa = PBXFileReference; fileEncoding = 4; lastKnownFileType = sourcecode.swift; path = SearchController.swift; sourceTree = "<group>"; };
		6B95414E1EC8254900CCFF95 /* MineController.swift */ = {isa = PBXFileReference; fileEncoding = 4; lastKnownFileType = sourcecode.swift; path = MineController.swift; sourceTree = "<group>"; };
		6BB7F1001EBF24D900918BEF /* MJExtension.framework */ = {isa = PBXFileReference; lastKnownFileType = wrapper.framework; name = MJExtension.framework; path = Carthage/Build/iOS/MJExtension.framework; sourceTree = "<group>"; };
		6BB7F1031EBF2A1B00918BEF /* pos-Bridging-Header.h */ = {isa = PBXFileReference; lastKnownFileType = sourcecode.c.h; path = "pos-Bridging-Header.h"; sourceTree = "<group>"; };
		6BB7F1291EBF2C0D00918BEF /* Settings.bundle */ = {isa = PBXFileReference; lastKnownFileType = "wrapper.plug-in"; path = Settings.bundle; sourceTree = "<group>"; };
		6BD6DD4D1EC9ECA900652204 /* HomeCell.swift */ = {isa = PBXFileReference; fileEncoding = 4; lastKnownFileType = sourcecode.swift; path = HomeCell.swift; sourceTree = "<group>"; };
		6BD6DD4E1EC9ECA900652204 /* HomeCell.xib */ = {isa = PBXFileReference; fileEncoding = 4; lastKnownFileType = file.xib; path = HomeCell.xib; sourceTree = "<group>"; };
/* End PBXFileReference section */

/* Begin PBXFrameworksBuildPhase section */
		6B2EDB1B1EBCA7380051C1A7 /* Frameworks */ = {
			isa = PBXFrameworksBuildPhase;
			buildActionMask = 2147483647;
			files = (
				6B886EA51EC3470300497F85 /* AFNetworking.framework in Frameworks */,
				6BB7F1011EBF24D900918BEF /* MJExtension.framework in Frameworks */,
				6B8DB1841EBF1BC8005C9A63 /* YYCategories.framework in Frameworks */,
				6B8DB17E1EBF1BBF005C9A63 /* IQKeyboardManagerSwift.framework in Frameworks */,
				6B8DB1821EBF1BC5005C9A63 /* SDWebImage.framework in Frameworks */,
				6B8DB1801EBF1BC2005C9A63 /* MBProgressHUD.framework in Frameworks */,
			);
			runOnlyForDeploymentPostprocessing = 0;
		};
		6B95410D1EC820E300CCFF95 /* Frameworks */ = {
			isa = PBXFrameworksBuildPhase;
			buildActionMask = 2147483647;
			files = (
				6B9541301EC821E600CCFF95 /* SDWebImage.framework in Frameworks */,
				6B9541311EC821E800CCFF95 /* YYCategories.framework in Frameworks */,
				6B95412C1EC821D900CCFF95 /* AFNetworking.framework in Frameworks */,
				6B95412F1EC821E300CCFF95 /* MJExtension.framework in Frameworks */,
				6B95412D1EC821DD00CCFF95 /* IQKeyboardManagerSwift.framework in Frameworks */,
				6B95412E1EC821E000CCFF95 /* MBProgressHUD.framework in Frameworks */,
			);
			runOnlyForDeploymentPostprocessing = 0;
		};
/* End PBXFrameworksBuildPhase section */

/* Begin PBXGroup section */
		0FB0E8FD1EE182A80051C0DF /* RunScript */ = {
			isa = PBXGroup;
			children = (
				0FB0E8FE1EE182A80051C0DF /* AutoGenStrings.py */,
			);
			path = RunScript;
			sourceTree = "<group>";
		};
		0FB49A861EDBEE66001BE76A /* Payment */ = {
			isa = PBXGroup;
			children = (
				0FB49A871EDBEE66001BE76A /* Controller */,
				0FB49A881EDBEE66001BE76A /* View */,
			);
			path = Payment;
			sourceTree = "<group>";
		};
		0FB49A871EDBEE66001BE76A /* Controller */ = {
			isa = PBXGroup;
			children = (
				0FB49A891EDBEE7C001BE76A /* PaymentController.swift */,
				0F8AD2A91EDD46F700438AFD /* ChangeTableController.swift */,
				0F8AD2AB1EDD578000438AFD /* MergeBillController.swift */,
			);
			path = Controller;
			sourceTree = "<group>";
		};
		0FB49A881EDBEE66001BE76A /* View */ = {
			isa = PBXGroup;
			children = (
				0FC1A32E1EDC50EC005438A5 /* PaymentOrderCell.swift */,
				0FC1A3301EDC619C005438A5 /* CalculatorCell.swift */,
				0F08FFF81EE1473A005C2C78 /* MergeBillCell.swift */,
				0F08FFFA1EE14757005C2C78 /* MergeBillDetailCell.swift */,
			);
			path = View;
			sourceTree = "<group>";
		};
		6B2EDB151EBCA7380051C1A7 = {
			isa = PBXGroup;
			children = (
				6BB7F1071EBF2A7000918BEF /* Classes */,
				6B2EDB201EBCA7380051C1A7 /* pos */,
				6B9541111EC820E300CCFF95 /* pos_iphone */,
				6B2EDB1F1EBCA7380051C1A7 /* Products */,
				6B8DB17A1EBF1BBA005C9A63 /* Frameworks */,
			);
			sourceTree = "<group>";
		};
		6B2EDB1F1EBCA7380051C1A7 /* Products */ = {
			isa = PBXGroup;
			children = (
				6B2EDB1E1EBCA7380051C1A7 /* pos.app */,
				6B9541101EC820E300CCFF95 /* pos_iphone.app */,
			);
			name = Products;
			sourceTree = "<group>";
		};
		6B2EDB201EBCA7380051C1A7 /* pos */ = {
			isa = PBXGroup;
			children = (
				6B2EDB211EBCA7380051C1A7 /* AppDelegate.swift */,
				6B2EDB251EBCA7380051C1A7 /* Main.storyboard */,
				6B2EDB281EBCA7380051C1A7 /* Assets.xcassets */,
				6B2EDB2A1EBCA7380051C1A7 /* LaunchScreen.storyboard */,
				6B2EDB2D1EBCA7380051C1A7 /* Info.plist */,
				6BB7F1031EBF2A1B00918BEF /* pos-Bridging-Header.h */,
				6BB7F1291EBF2C0D00918BEF /* Settings.bundle */,
				0F26FDCA1EDF05F1005A424F /* Localizable.strings */,
			);
			path = pos;
			sourceTree = "<group>";
		};
		6B78D61B1ED1BA9500A1F6BF /* Order */ = {
			isa = PBXGroup;
			children = (
				6B78D61C1ED1BA9500A1F6BF /* Controller */,
				6B78D61D1ED1BA9500A1F6BF /* View */,
			);
			path = Order;
			sourceTree = "<group>";
		};
		6B78D61C1ED1BA9500A1F6BF /* Controller */ = {
			isa = PBXGroup;
			children = (
				6B78D61E1ED1BABB00A1F6BF /* OrderController.swift */,
				0F45C4E91EDBD45A006EC1CA /* TasteController.swift */,
			);
			path = Controller;
			sourceTree = "<group>";
		};
		6B78D61D1ED1BA9500A1F6BF /* View */ = {
			isa = PBXGroup;
			children = (
				6B78D6201ED1BADE00A1F6BF /* OrderMenuCell.swift */,
				6B78D6221ED1BB0400A1F6BF /* OrderFoodCell.swift */,
				6B78D6241ED1BB6700A1F6BF /* OrderAlreadyFoodCell.swift */,
				6B78D6261ED1BB9800A1F6BF /* OrderPriceCell.swift */,
				6B78D6281ED1C14500A1F6BF /* OrderFoodLayout.swift */,
				0F45C4EB1EDBD531006EC1CA /* TasteCell.swift */,
			);
			path = View;
			sourceTree = "<group>";
		};
		6B8DB17A1EBF1BBA005C9A63 /* Frameworks */ = {
			isa = PBXGroup;
			children = (
				6B886EA41EC3470300497F85 /* AFNetworking.framework */,
				6BB7F1001EBF24D900918BEF /* MJExtension.framework */,
				6B8DB1831EBF1BC8005C9A63 /* YYCategories.framework */,
				6B8DB1811EBF1BC5005C9A63 /* SDWebImage.framework */,
				6B8DB17F1EBF1BC2005C9A63 /* MBProgressHUD.framework */,
				6B8DB17D1EBF1BBF005C9A63 /* IQKeyboardManagerSwift.framework */,
				6B8DB17B1EBF1BBA005C9A63 /* Alamofire.framework */,
			);
			name = Frameworks;
			sourceTree = "<group>";
		};
		6B9540E51EC820C800CCFF95 /* Ant */ = {
			isa = PBXGroup;
			children = (
				6B9540E61EC820C800CCFF95 /* AntController.swift */,
				6B9540E71EC820C800CCFF95 /* AntDefault.swift */,
				6B9540E81EC820C800CCFF95 /* AntModel.swift */,
				6B9540E91EC820C800CCFF95 /* AntNavController.swift */,
				6B9540EA1EC820C800CCFF95 /* AntSingleton.swift */,
				6B9541371EC822ED00CCFF95 /* AntModel_iphone.swift */,
			);
			path = Ant;
			sourceTree = "<group>";
		};
		6B9540EB1EC820C800CCFF95 /* Common */ = {
			isa = PBXGroup;
			children = (
				6B9540EC1EC820C800CCFF95 /* Common.swift */,
				6B9540ED1EC820C800CCFF95 /* LanguageManager.swift */,
				6B9540F01EC820C800CCFF95 /* NSBundle+Language.h */,
				6B9540F11EC820C800CCFF95 /* NSBundle+Language.m */,
				6B9540F21EC820C800CCFF95 /* SpinnerButton.swift */,
			);
			path = Common;
			sourceTree = "<group>";
		};
		6B9540F31EC820C800CCFF95 /* pos */ = {
			isa = PBXGroup;
			children = (
				0FB49A861EDBEE66001BE76A /* Payment */,
				6B78D61B1ED1BA9500A1F6BF /* Order */,
				6B9540F41EC820C800CCFF95 /* Home */,
				6B9540F71EC820C800CCFF95 /* Login */,
			);
			path = pos;
			sourceTree = "<group>";
		};
		6B9540F41EC820C800CCFF95 /* Home */ = {
			isa = PBXGroup;
			children = (
				6BA78BD01EC9E86B007FF137 /* View */,
				6B9540F51EC820C800CCFF95 /* Controller */,
			);
			path = Home;
			sourceTree = "<group>";
		};
		6B9540F51EC820C800CCFF95 /* Controller */ = {
			isa = PBXGroup;
			children = (
				6B9540F61EC820C800CCFF95 /* HomeController.swift */,
				6B6DFE541ED00DDC00415B38 /* MenuController.swift */,
				0F0BA3801EDD839400D9873C /* HistoryController.swift */,
				0F26FDBF1EDEE79F005A424F /* HistoryDetailController.swift */,
			);
			path = Controller;
			sourceTree = "<group>";
		};
		6B9540F71EC820C800CCFF95 /* Login */ = {
			isa = PBXGroup;
			children = (
				6B9540F81EC820C800CCFF95 /* Controller */,
				6B9540FB1EC820C800CCFF95 /* Login.storyboard */,
			);
			path = Login;
			sourceTree = "<group>";
		};
		6B9540F81EC820C800CCFF95 /* Controller */ = {
			isa = PBXGroup;
			children = (
				6B9540F91EC820C800CCFF95 /* ForgetController.swift */,
				6B9540FA1EC820C800CCFF95 /* LoginController.swift */,
			);
			path = Controller;
			sourceTree = "<group>";
		};
		6B9540FC1EC820C800CCFF95 /* pos_iphone */ = {
			isa = PBXGroup;
			children = (
				6B95413A1EC824C400CCFF95 /* Home */,
				6B95413C1EC824C400CCFF95 /* Mine */,
				6B95413E1EC824C400CCFF95 /* Search */,
				6B9541401EC824C400CCFF95 /* ShopCare */,
			);
			path = pos_iphone;
			sourceTree = "<group>";
		};
		6B9541111EC820E300CCFF95 /* pos_iphone */ = {
			isa = PBXGroup;
			children = (
				6B9541121EC820E300CCFF95 /* AppDelegate.swift */,
				6B9541181EC820E300CCFF95 /* Main.storyboard */,
				6B95411B1EC820E300CCFF95 /* Assets.xcassets */,
				6B95411D1EC820E300CCFF95 /* LaunchScreen.storyboard */,
				6B9541201EC820E300CCFF95 /* Info.plist */,
			);
			path = pos_iphone;
			sourceTree = "<group>";
		};
		6B95413A1EC824C400CCFF95 /* Home */ = {
			isa = PBXGroup;
			children = (
				6B95413B1EC824C400CCFF95 /* Controller */,
				6B9541421EC824CE00CCFF95 /* Home.storyboard */,
			);
			path = Home;
			sourceTree = "<group>";
		};
		6B95413B1EC824C400CCFF95 /* Controller */ = {
			isa = PBXGroup;
			children = (
			);
			path = Controller;
			sourceTree = "<group>";
		};
		6B95413C1EC824C400CCFF95 /* Mine */ = {
			isa = PBXGroup;
			children = (
				6B95413D1EC824C400CCFF95 /* Controller */,
				6B9541441EC824D700CCFF95 /* Mine.storyboard */,
			);
			path = Mine;
			sourceTree = "<group>";
		};
		6B95413D1EC824C400CCFF95 /* Controller */ = {
			isa = PBXGroup;
			children = (
				6B95414E1EC8254900CCFF95 /* MineController.swift */,
			);
			path = Controller;
			sourceTree = "<group>";
		};
		6B95413E1EC824C400CCFF95 /* Search */ = {
			isa = PBXGroup;
			children = (
				6B95413F1EC824C400CCFF95 /* Controller */,
				6B9541461EC824E100CCFF95 /* Search.storyboard */,
			);
			path = Search;
			sourceTree = "<group>";
		};
		6B95413F1EC824C400CCFF95 /* Controller */ = {
			isa = PBXGroup;
			children = (
				6B95414C1EC8253F00CCFF95 /* SearchController.swift */,
			);
			path = Controller;
			sourceTree = "<group>";
		};
		6B9541401EC824C400CCFF95 /* ShopCare */ = {
			isa = PBXGroup;
			children = (
				6B9541411EC824C400CCFF95 /* Controller */,
				6B9541481EC824ED00CCFF95 /* ShopCart.storyboard */,
			);
			path = ShopCare;
			sourceTree = "<group>";
		};
		6B9541411EC824C400CCFF95 /* Controller */ = {
			isa = PBXGroup;
			children = (
				6B95414A1EC8252A00CCFF95 /* ShopCartController.swift */,
			);
			path = Controller;
			sourceTree = "<group>";
		};
		6BA78BD01EC9E86B007FF137 /* View */ = {
			isa = PBXGroup;
			children = (
				6BD6DD4D1EC9ECA900652204 /* HomeCell.swift */,
				6BD6DD4E1EC9ECA900652204 /* HomeCell.xib */,
				6B6DFE561ED0125500415B38 /* MenuCell.swift */,
				6B50339A1ED1572100852E5A /* ChangeTableCell.swift */,
				6B50339C1ED1573600852E5A /* ChangeTableHeaderView.swift */,
				0F7590951EDED1EC00B180D1 /* HistoryCell.swift */,
			);
			path = View;
			sourceTree = "<group>";
		};
		6BB7F1071EBF2A7000918BEF /* Classes */ = {
			isa = PBXGroup;
			children = (
				0FB0E8FD1EE182A80051C0DF /* RunScript */,
				6B9540E51EC820C800CCFF95 /* Ant */,
				6B9540EB1EC820C800CCFF95 /* Common */,
				6B9540F31EC820C800CCFF95 /* pos */,
				6B9540FC1EC820C800CCFF95 /* pos_iphone */,
			);
			path = Classes;
			sourceTree = "<group>";
		};
/* End PBXGroup section */

/* Begin PBXNativeTarget section */
		6B2EDB1D1EBCA7380051C1A7 /* pos */ = {
			isa = PBXNativeTarget;
			buildConfigurationList = 6B2EDB301EBCA7380051C1A7 /* Build configuration list for PBXNativeTarget "pos" */;
			buildPhases = (
				6B2EDB1A1EBCA7380051C1A7 /* Sources */,
				6B2EDB1B1EBCA7380051C1A7 /* Frameworks */,
				6B2EDB1C1EBCA7380051C1A7 /* Resources */,
				6BB7F1021EBF297800918BEF /* ShellScript */,
				0FB0E9001EE182CB0051C0DF /* ShellScript */,
			);
			buildRules = (
			);
			dependencies = (
			);
			name = pos;
			productName = pos;
			productReference = 6B2EDB1E1EBCA7380051C1A7 /* pos.app */;
			productType = "com.apple.product-type.application";
		};
		6B95410F1EC820E300CCFF95 /* pos_iphone */ = {
			isa = PBXNativeTarget;
			buildConfigurationList = 6B9541211EC820E300CCFF95 /* Build configuration list for PBXNativeTarget "pos_iphone" */;
			buildPhases = (
				6B95410C1EC820E300CCFF95 /* Sources */,
				6B95410D1EC820E300CCFF95 /* Frameworks */,
				6B95410E1EC820E300CCFF95 /* Resources */,
				6B9541321EC821F800CCFF95 /* ShellScript */,
			);
			buildRules = (
			);
			dependencies = (
			);
			name = pos_iphone;
			productName = pos_iphone;
			productReference = 6B9541101EC820E300CCFF95 /* pos_iphone.app */;
			productType = "com.apple.product-type.application";
		};
/* End PBXNativeTarget section */

/* Begin PBXProject section */
		6B2EDB161EBCA7380051C1A7 /* Project object */ = {
			isa = PBXProject;
			attributes = {
				LastSwiftUpdateCheck = 0830;
				LastUpgradeCheck = 0830;
				ORGANIZATIONNAME = luan;
				TargetAttributes = {
					6B2EDB1D1EBCA7380051C1A7 = {
						CreatedOnToolsVersion = 8.3.2;
						DevelopmentTeam = 4AK99QTKB7;
						LastSwiftMigration = 0830;
						ProvisioningStyle = Automatic;
					};
					6B95410F1EC820E300CCFF95 = {
						CreatedOnToolsVersion = 8.3.2;
						DevelopmentTeam = 4AK99QTKB7;
						ProvisioningStyle = Automatic;
					};
				};
			};
			buildConfigurationList = 6B2EDB191EBCA7380051C1A7 /* Build configuration list for PBXProject "pos" */;
			compatibilityVersion = "Xcode 3.2";
			developmentRegion = English;
			hasScannedForEncodings = 0;
			knownRegions = (
				en,
				Base,
			);
			mainGroup = 6B2EDB151EBCA7380051C1A7;
			productRefGroup = 6B2EDB1F1EBCA7380051C1A7 /* Products */;
			projectDirPath = "";
			projectRoot = "";
			targets = (
				6B2EDB1D1EBCA7380051C1A7 /* pos */,
				6B95410F1EC820E300CCFF95 /* pos_iphone */,
			);
		};
/* End PBXProject section */

/* Begin PBXResourcesBuildPhase section */
		6B2EDB1C1EBCA7380051C1A7 /* Resources */ = {
			isa = PBXResourcesBuildPhase;
			buildActionMask = 2147483647;
			files = (
				6B2EDB2C1EBCA7380051C1A7 /* LaunchScreen.storyboard in Resources */,
				6BB7F12A1EBF2C0D00918BEF /* Settings.bundle in Resources */,
				6B2EDB291EBCA7380051C1A7 /* Assets.xcassets in Resources */,
				0F26FDC81EDF05F1005A424F /* Localizable.strings in Resources */,
				6B95410B1EC820C800CCFF95 /* Login.storyboard in Resources */,
				0FB0E8FF1EE182A80051C0DF /* AutoGenStrings.py in Resources */,
				6BD6DD501EC9ECA900652204 /* HomeCell.xib in Resources */,
				6B2EDB271EBCA7380051C1A7 /* Main.storyboard in Resources */,
			);
			runOnlyForDeploymentPostprocessing = 0;
		};
		6B95410E1EC820E300CCFF95 /* Resources */ = {
			isa = PBXResourcesBuildPhase;
			buildActionMask = 2147483647;
			files = (
				6B9541361EC8226000CCFF95 /* Settings.bundle in Resources */,
				6B9541521EC827B700CCFF95 /* ShopCart.storyboard in Resources */,
				6B95411F1EC820E300CCFF95 /* LaunchScreen.storyboard in Resources */,
				6B95411C1EC820E300CCFF95 /* Assets.xcassets in Resources */,
				6B9541561EC827C400CCFF95 /* Mine.storyboard in Resources */,
				6B9541541EC827BE00CCFF95 /* Search.storyboard in Resources */,
				6B95411A1EC820E300CCFF95 /* Main.storyboard in Resources */,
				6B9541591EC827CE00CCFF95 /* Home.storyboard in Resources */,
			);
			runOnlyForDeploymentPostprocessing = 0;
		};
/* End PBXResourcesBuildPhase section */

/* Begin PBXShellScriptBuildPhase section */
		0FB0E9001EE182CB0051C0DF /* ShellScript */ = {
			isa = PBXShellScriptBuildPhase;
			buildActionMask = 2147483647;
			files = (
			);
			inputPaths = (
			);
			outputPaths = (
			);
			runOnlyForDeploymentPostprocessing = 0;
			shellPath = /bin/sh;
			shellScript = "python ${SRCROOT}/Classes/RunScript/AutoGenStrings.py ${SRCROOT}/${TARGET_NAME}";
		};
		6B9541321EC821F800CCFF95 /* ShellScript */ = {
			isa = PBXShellScriptBuildPhase;
			buildActionMask = 2147483647;
			files = (
			);
			inputPaths = (
				"$(SRCROOT)/Carthage/Build/iOS/IQKeyboardManagerSwift.framework",
				"$(SRCROOT)/Carthage/Build/iOS/MBProgressHUD.framework",
				"$(SRCROOT)/Carthage/Build/iOS/SDWebImage.framework",
				"$(SRCROOT)/Carthage/Build/iOS/YYCategories.framework",
				"$(SRCROOT)/Carthage/Build/iOS/AFNetworking.framework",
				"$(SRCROOT)/Carthage/Build/iOS/MJExtension.framework",
			);
			outputPaths = (
			);
			runOnlyForDeploymentPostprocessing = 0;
			shellPath = /bin/sh;
			shellScript = "/usr/local/bin/carthage copy-frameworks";
		};
		6BB7F1021EBF297800918BEF /* ShellScript */ = {
			isa = PBXShellScriptBuildPhase;
			buildActionMask = 2147483647;
			files = (
			);
			inputPaths = (
				"$(SRCROOT)/Carthage/Build/iOS/IQKeyboardManagerSwift.framework",
				"$(SRCROOT)/Carthage/Build/iOS/MBProgressHUD.framework",
				"$(SRCROOT)/Carthage/Build/iOS/SDWebImage.framework",
				"$(SRCROOT)/Carthage/Build/iOS/YYCategories.framework",
				"$(SRCROOT)/Carthage/Build/iOS/AFNetworking.framework",
				"$(SRCROOT)/Carthage/Build/iOS/MJExtension.framework",
			);
			outputPaths = (
			);
			runOnlyForDeploymentPostprocessing = 0;
			shellPath = /bin/sh;
			shellScript = "/usr/local/bin/carthage copy-frameworks";
		};
/* End PBXShellScriptBuildPhase section */

/* Begin PBXSourcesBuildPhase section */
		6B2EDB1A1EBCA7380051C1A7 /* Sources */ = {
			isa = PBXSourcesBuildPhase;
			buildActionMask = 2147483647;
			files = (
				6B78D61F1ED1BABB00A1F6BF /* OrderController.swift in Sources */,
				6B9541091EC820C800CCFF95 /* ForgetController.swift in Sources */,
				0FB49A8A1EDBEE7C001BE76A /* PaymentController.swift in Sources */,
				6B2EDB221EBCA7380051C1A7 /* AppDelegate.swift in Sources */,
				6B78D6211ED1BADE00A1F6BF /* OrderMenuCell.swift in Sources */,
				6B9540FF1EC820C800CCFF95 /* AntModel.swift in Sources */,
				6B95410A1EC820C800CCFF95 /* LoginController.swift in Sources */,
				6B50339B1ED1572100852E5A /* ChangeTableCell.swift in Sources */,
				0F0BA3811EDD839500D9873C /* HistoryController.swift in Sources */,
				6B78D6251ED1BB6700A1F6BF /* OrderAlreadyFoodCell.swift in Sources */,
				6B9540FE1EC820C800CCFF95 /* AntDefault.swift in Sources */,
				6B9540FD1EC820C800CCFF95 /* AntController.swift in Sources */,
				6B78D6291ED1C14500A1F6BF /* OrderFoodLayout.swift in Sources */,
				0FC1A3311EDC619C005438A5 /* CalculatorCell.swift in Sources */,
				6B9541071EC820C800CCFF95 /* SpinnerButton.swift in Sources */,
				0F8AD2AA1EDD46F700438AFD /* ChangeTableController.swift in Sources */,
				0F8AD2AC1EDD578000438AFD /* MergeBillController.swift in Sources */,
				6B9541081EC820C800CCFF95 /* HomeController.swift in Sources */,
				0F08FFFB1EE14757005C2C78 /* MergeBillDetailCell.swift in Sources */,
				6BD6DD4F1EC9ECA900652204 /* HomeCell.swift in Sources */,
				6B9541001EC820C800CCFF95 /* AntNavController.swift in Sources */,
				6B6DFE551ED00DDC00415B38 /* MenuController.swift in Sources */,
				0F7590961EDED1EC00B180D1 /* HistoryCell.swift in Sources */,
				6B78D6231ED1BB0400A1F6BF /* OrderFoodCell.swift in Sources */,
				0F08FFF91EE1473A005C2C78 /* MergeBillCell.swift in Sources */,
				6B9541011EC820C800CCFF95 /* AntSingleton.swift in Sources */,
				0FC1A32F1EDC50EC005438A5 /* PaymentOrderCell.swift in Sources */,
				6B9541021EC820C800CCFF95 /* Common.swift in Sources */,
				6B50339D1ED1573600852E5A /* ChangeTableHeaderView.swift in Sources */,
				6B9541031EC820C800CCFF95 /* LanguageManager.swift in Sources */,
				6B6DFE571ED0125500415B38 /* MenuCell.swift in Sources */,
				0F26FDC01EDEE79F005A424F /* HistoryDetailController.swift in Sources */,
				6B9541061EC820C800CCFF95 /* NSBundle+Language.m in Sources */,
				0F45C4EC1EDBD531006EC1CA /* TasteCell.swift in Sources */,
				6B78D6271ED1BB9800A1F6BF /* OrderPriceCell.swift in Sources */,
				0F45C4EA1EDBD45A006EC1CA /* TasteController.swift in Sources */,
			);
			runOnlyForDeploymentPostprocessing = 0;
		};
		6B95410C1EC820E300CCFF95 /* Sources */ = {
			isa = PBXSourcesBuildPhase;
			buildActionMask = 2147483647;
			files = (
				6B95412A1EC8217200CCFF95 /* NSBundle+Language.m in Sources */,
				6B9541131EC820E300CCFF95 /* AppDelegate.swift in Sources */,
				6B9541531EC827BA00CCFF95 /* ShopCartController.swift in Sources */,
				6B9541391EC8230900CCFF95 /* AntModel_iphone.swift in Sources */,
				6B95412B1EC8217E00CCFF95 /* SpinnerButton.swift in Sources */,
				6B9541291EC8215A00CCFF95 /* LanguageManager.swift in Sources */,
				6B9541271EC8215200CCFF95 /* AntSingleton.swift in Sources */,
				6B9541551EC827C100CCFF95 /* SearchController.swift in Sources */,
				6B9541261EC8214A00CCFF95 /* AntNavController.swift in Sources */,
				6B9541571EC827C700CCFF95 /* MineController.swift in Sources */,
				6B9541251EC8214400CCFF95 /* AntDefault.swift in Sources */,
				6B9541281EC8215800CCFF95 /* Common.swift in Sources */,
				6B9541241EC8214100CCFF95 /* AntController.swift in Sources */,
			);
			runOnlyForDeploymentPostprocessing = 0;
		};
/* End PBXSourcesBuildPhase section */

/* Begin PBXVariantGroup section */
		0F26FDCA1EDF05F1005A424F /* Localizable.strings */ = {
			isa = PBXVariantGroup;
			children = (
				0F26FDCB1EDF05F3005A424F /* en */,
				0F26FDCC1EDF0606005A424F /* zh-Hans */,
			);
			name = Localizable.strings;
			sourceTree = "<group>";
		};
		6B2EDB251EBCA7380051C1A7 /* Main.storyboard */ = {
			isa = PBXVariantGroup;
			children = (
				6B2EDB261EBCA7380051C1A7 /* Base */,
				0F26FDC41EDF010E005A424F /* en */,
				0F26FDC51EDF020F005A424F /* zh-Hans */,
			);
			name = Main.storyboard;
			sourceTree = "<group>";
		};
		6B2EDB2A1EBCA7380051C1A7 /* LaunchScreen.storyboard */ = {
			isa = PBXVariantGroup;
			children = (
				6B2EDB2B1EBCA7380051C1A7 /* Base */,
			);
			name = LaunchScreen.storyboard;
			sourceTree = "<group>";
		};
		6B9541181EC820E300CCFF95 /* Main.storyboard */ = {
			isa = PBXVariantGroup;
			children = (
				6B9541191EC820E300CCFF95 /* Base */,
				0F26FDC21EDEFA24005A424F /* zh-Hans */,
			);
			name = Main.storyboard;
			sourceTree = "<group>";
		};
		6B95411D1EC820E300CCFF95 /* LaunchScreen.storyboard */ = {
			isa = PBXVariantGroup;
			children = (
				6B95411E1EC820E300CCFF95 /* Base */,
			);
			name = LaunchScreen.storyboard;
			sourceTree = "<group>";
		};
/* End PBXVariantGroup section */

/* Begin XCBuildConfiguration section */
		6B2EDB2E1EBCA7380051C1A7 /* Debug */ = {
			isa = XCBuildConfiguration;
			buildSettings = {
				ALWAYS_SEARCH_USER_PATHS = NO;
				CLANG_ANALYZER_LOCALIZABILITY_NONLOCALIZED = YES;
				CLANG_ANALYZER_NONNULL = YES;
				CLANG_ANALYZER_NUMBER_OBJECT_CONVERSION = YES_AGGRESSIVE;
				CLANG_CXX_LANGUAGE_STANDARD = "gnu++0x";
				CLANG_CXX_LIBRARY = "libc++";
				CLANG_ENABLE_MODULES = YES;
				CLANG_ENABLE_OBJC_ARC = YES;
				CLANG_WARN_BOOL_CONVERSION = YES;
				CLANG_WARN_CONSTANT_CONVERSION = YES;
				CLANG_WARN_DIRECT_OBJC_ISA_USAGE = YES_ERROR;
				CLANG_WARN_DOCUMENTATION_COMMENTS = YES;
				CLANG_WARN_EMPTY_BODY = YES;
				CLANG_WARN_ENUM_CONVERSION = YES;
				CLANG_WARN_INFINITE_RECURSION = YES;
				CLANG_WARN_INT_CONVERSION = YES;
				CLANG_WARN_OBJC_ROOT_CLASS = YES_ERROR;
				CLANG_WARN_SUSPICIOUS_MOVE = YES;
				CLANG_WARN_UNREACHABLE_CODE = YES;
				CLANG_WARN__DUPLICATE_METHOD_MATCH = YES;
				"CODE_SIGN_IDENTITY[sdk=iphoneos*]" = "iPhone Developer";
				COPY_PHASE_STRIP = NO;
				DEBUG_INFORMATION_FORMAT = dwarf;
				ENABLE_STRICT_OBJC_MSGSEND = YES;
				ENABLE_TESTABILITY = YES;
				GCC_C_LANGUAGE_STANDARD = gnu99;
				GCC_DYNAMIC_NO_PIC = NO;
				GCC_NO_COMMON_BLOCKS = YES;
				GCC_OPTIMIZATION_LEVEL = 0;
				GCC_PREPROCESSOR_DEFINITIONS = (
					"DEBUG=1",
					"$(inherited)",
				);
				GCC_WARN_64_TO_32_BIT_CONVERSION = YES;
				GCC_WARN_ABOUT_RETURN_TYPE = YES_ERROR;
				GCC_WARN_UNDECLARED_SELECTOR = YES;
				GCC_WARN_UNINITIALIZED_AUTOS = YES_AGGRESSIVE;
				GCC_WARN_UNUSED_FUNCTION = YES;
				GCC_WARN_UNUSED_VARIABLE = YES;
				IPHONEOS_DEPLOYMENT_TARGET = 9.0;
				MTL_ENABLE_DEBUG_INFO = YES;
				ONLY_ACTIVE_ARCH = YES;
				SDKROOT = iphoneos;
				SWIFT_ACTIVE_COMPILATION_CONDITIONS = DEBUG;
				SWIFT_OPTIMIZATION_LEVEL = "-Onone";
				TARGETED_DEVICE_FAMILY = 2;
			};
			name = Debug;
		};
		6B2EDB2F1EBCA7380051C1A7 /* Release */ = {
			isa = XCBuildConfiguration;
			buildSettings = {
				ALWAYS_SEARCH_USER_PATHS = NO;
				CLANG_ANALYZER_LOCALIZABILITY_NONLOCALIZED = YES;
				CLANG_ANALYZER_NONNULL = YES;
				CLANG_ANALYZER_NUMBER_OBJECT_CONVERSION = YES_AGGRESSIVE;
				CLANG_CXX_LANGUAGE_STANDARD = "gnu++0x";
				CLANG_CXX_LIBRARY = "libc++";
				CLANG_ENABLE_MODULES = YES;
				CLANG_ENABLE_OBJC_ARC = YES;
				CLANG_WARN_BOOL_CONVERSION = YES;
				CLANG_WARN_CONSTANT_CONVERSION = YES;
				CLANG_WARN_DIRECT_OBJC_ISA_USAGE = YES_ERROR;
				CLANG_WARN_DOCUMENTATION_COMMENTS = YES;
				CLANG_WARN_EMPTY_BODY = YES;
				CLANG_WARN_ENUM_CONVERSION = YES;
				CLANG_WARN_INFINITE_RECURSION = YES;
				CLANG_WARN_INT_CONVERSION = YES;
				CLANG_WARN_OBJC_ROOT_CLASS = YES_ERROR;
				CLANG_WARN_SUSPICIOUS_MOVE = YES;
				CLANG_WARN_UNREACHABLE_CODE = YES;
				CLANG_WARN__DUPLICATE_METHOD_MATCH = YES;
				"CODE_SIGN_IDENTITY[sdk=iphoneos*]" = "iPhone Developer";
				COPY_PHASE_STRIP = NO;
				DEBUG_INFORMATION_FORMAT = "dwarf-with-dsym";
				ENABLE_NS_ASSERTIONS = NO;
				ENABLE_STRICT_OBJC_MSGSEND = YES;
				GCC_C_LANGUAGE_STANDARD = gnu99;
				GCC_NO_COMMON_BLOCKS = YES;
				GCC_WARN_64_TO_32_BIT_CONVERSION = YES;
				GCC_WARN_ABOUT_RETURN_TYPE = YES_ERROR;
				GCC_WARN_UNDECLARED_SELECTOR = YES;
				GCC_WARN_UNINITIALIZED_AUTOS = YES_AGGRESSIVE;
				GCC_WARN_UNUSED_FUNCTION = YES;
				GCC_WARN_UNUSED_VARIABLE = YES;
				IPHONEOS_DEPLOYMENT_TARGET = 9.0;
				MTL_ENABLE_DEBUG_INFO = NO;
				SDKROOT = iphoneos;
				SWIFT_OPTIMIZATION_LEVEL = "-Owholemodule";
				TARGETED_DEVICE_FAMILY = 2;
				VALIDATE_PRODUCT = YES;
			};
			name = Release;
		};
		6B2EDB311EBCA7380051C1A7 /* Debug */ = {
			isa = XCBuildConfiguration;
			buildSettings = {
				ASSETCATALOG_COMPILER_APPICON_NAME = AppIcon;
				CLANG_ENABLE_MODULES = YES;
				DEVELOPMENT_TEAM = 4AK99QTKB7;
				FRAMEWORK_SEARCH_PATHS = (
					"$(inherited)",
					"$(PROJECT_DIR)/Carthage/Build/iOS",
				);
				INFOPLIST_FILE = pos/Info.plist;
				LD_RUNPATH_SEARCH_PATHS = "$(inherited) @executable_path/Frameworks";
				PRODUCT_BUNDLE_IDENTIFIER = com.aurora.pos;
				PRODUCT_NAME = "$(TARGET_NAME)";
				SWIFT_OBJC_BRIDGING_HEADER = "pos/pos-Bridging-Header.h";
				SWIFT_OPTIMIZATION_LEVEL = "-Onone";
				SWIFT_VERSION = 3.0;
			};
			name = Debug;
		};
		6B2EDB321EBCA7380051C1A7 /* Release */ = {
			isa = XCBuildConfiguration;
			buildSettings = {
				ASSETCATALOG_COMPILER_APPICON_NAME = AppIcon;
				CLANG_ENABLE_MODULES = YES;
				DEVELOPMENT_TEAM = 4AK99QTKB7;
				FRAMEWORK_SEARCH_PATHS = (
					"$(inherited)",
					"$(PROJECT_DIR)/Carthage/Build/iOS",
				);
				INFOPLIST_FILE = pos/Info.plist;
				LD_RUNPATH_SEARCH_PATHS = "$(inherited) @executable_path/Frameworks";
				PRODUCT_BUNDLE_IDENTIFIER = com.aurora.pos;
				PRODUCT_NAME = "$(TARGET_NAME)";
				SWIFT_OBJC_BRIDGING_HEADER = "pos/pos-Bridging-Header.h";
				SWIFT_VERSION = 3.0;
			};
			name = Release;
		};
		6B9541221EC820E300CCFF95 /* Debug */ = {
			isa = XCBuildConfiguration;
			buildSettings = {
				ASSETCATALOG_COMPILER_APPICON_NAME = AppIcon;
				DEVELOPMENT_TEAM = 4AK99QTKB7;
				FRAMEWORK_SEARCH_PATHS = (
					"$(inherited)",
					"$(PROJECT_DIR)/Carthage/Build/iOS",
				);
				INFOPLIST_FILE = pos_iphone/Info.plist;
				IPHONEOS_DEPLOYMENT_TARGET = 9.0;
				LD_RUNPATH_SEARCH_PATHS = "$(inherited) @executable_path/Frameworks";
				PRODUCT_BUNDLE_IDENTIFIER = "com.aurora.pos-iphone";
				PRODUCT_NAME = "$(TARGET_NAME)";
				SWIFT_OBJC_BRIDGING_HEADER = "pos/pos-Bridging-Header.h";
				SWIFT_VERSION = 3.0;
				TARGETED_DEVICE_FAMILY = 1;
			};
			name = Debug;
		};
		6B9541231EC820E300CCFF95 /* Release */ = {
			isa = XCBuildConfiguration;
			buildSettings = {
				ASSETCATALOG_COMPILER_APPICON_NAME = AppIcon;
				DEVELOPMENT_TEAM = 4AK99QTKB7;
				FRAMEWORK_SEARCH_PATHS = (
					"$(inherited)",
					"$(PROJECT_DIR)/Carthage/Build/iOS",
				);
				INFOPLIST_FILE = pos_iphone/Info.plist;
				IPHONEOS_DEPLOYMENT_TARGET = 9.0;
				LD_RUNPATH_SEARCH_PATHS = "$(inherited) @executable_path/Frameworks";
				PRODUCT_BUNDLE_IDENTIFIER = "com.aurora.pos-iphone";
				PRODUCT_NAME = "$(TARGET_NAME)";
				SWIFT_OBJC_BRIDGING_HEADER = "pos/pos-Bridging-Header.h";
				SWIFT_VERSION = 3.0;
				TARGETED_DEVICE_FAMILY = 1;
			};
			name = Release;
		};
/* End XCBuildConfiguration section */

/* Begin XCConfigurationList section */
		6B2EDB191EBCA7380051C1A7 /* Build configuration list for PBXProject "pos" */ = {
			isa = XCConfigurationList;
			buildConfigurations = (
				6B2EDB2E1EBCA7380051C1A7 /* Debug */,
				6B2EDB2F1EBCA7380051C1A7 /* Release */,
			);
			defaultConfigurationIsVisible = 0;
			defaultConfigurationName = Release;
		};
		6B2EDB301EBCA7380051C1A7 /* Build configuration list for PBXNativeTarget "pos" */ = {
			isa = XCConfigurationList;
			buildConfigurations = (
				6B2EDB311EBCA7380051C1A7 /* Debug */,
				6B2EDB321EBCA7380051C1A7 /* Release */,
			);
			defaultConfigurationIsVisible = 0;
			defaultConfigurationName = Release;
		};
		6B9541211EC820E300CCFF95 /* Build configuration list for PBXNativeTarget "pos_iphone" */ = {
			isa = XCConfigurationList;
			buildConfigurations = (
				6B9541221EC820E300CCFF95 /* Debug */,
				6B9541231EC820E300CCFF95 /* Release */,
			);
			defaultConfigurationIsVisible = 0;
			defaultConfigurationName = Release;
		};
/* End XCConfigurationList section */
	};
	rootObject = 6B2EDB161EBCA7380051C1A7 /* Project object */;
}
